
Microsoft Visual Studio Solution File, Format Version 12.00
# Visual Studio Version 17
VisualStudioVersion = 17.14.36908.2 d17.14
MinimumVisualStudioVersion = 10.0.40219.1
Project("{FAE04EC0-301F-11D3-BF4B-00C04F79EFBC}") = "laba4modules", "laba4modules.csproj", "{4F69A891-4B19-44E4-A41A-598C72376191}"
EndProject
Global
	GlobalSection(SolutionConfigurationPlatforms) = preSolution
		Debug|Any CPU = Debug|Any CPU
		Release|Any CPU = Release|Any CPU
	EndGlobalSection
	GlobalSection(ProjectConfigurationPlatforms) = postSolution
		{4F69A891-4B19-44E4-A41A-598C72376191}.Debug|Any CPU.ActiveCfg = Debug|Any CPU
		{4F69A891-4B19-44E4-A41A-598C72376191}.Debug|Any CPU.Build.0 = Debug|Any CPU
		{4F69A891-4B19-44E4-A41A-598C72376191}.Release|Any CPU.ActiveCfg = Release|Any CPU
		{4F69A891-4B19-44E4-A41A-598C72376191}.Release|Any CPU.Build.0 = Release|Any CPU
	EndGlobalSection
	GlobalSection(SolutionProperties) = preSolution
		HideSolutionNode = FALSE
	EndGlobalSection
	GlobalSection(ExtensibilityGlobals) = postSolution
		SolutionGuid = {895FF763-2CE3-441E-9F20-200DF4DFEA03}
	EndGlobalSection
EndGlobal
